{
  "name": "@aurasec/supply-chain-gates",
  "version": "1.0.0",
  "lockfileVersion": 3,
  "requires": true,
  "packages": {
    "": {
      "name": "@aurasec/supply-chain-gates",
      "version": "1.0.0",
      "license": "Apache-2.0",
      "bin": {
        "aurasec-supply-chain": "bin/aurasec-supply-chain.js"
      },
      "engines": {
        "node": ">=20"
      }
    }
  }
}
