{
  "lockfileVersion": 3,
  "packages": {
    "": {
      "name": "fixture-registry-clean",
      "version": "1.0.0"
    },
    "node_modules/lodash": {
      "version": "4.17.21",
      "resolved": "https://registry.npmjs.org/lodash/-/lodash-4.17.21.tgz",
      "integrity": "sha512-v2kDEe57lecTulaDIuNTPy3Ry4gLGJ6Z1O3vE1krgXZNrsQ+LFTGHVxVjcXPs17LhbZVGedAJv8XZ1tvj5FvSg=="
    },
    "node_modules/@scope/pkg": {
      "name": "@scope/pkg",
      "version": "1.2.3",
      "resolved": "https://registry.npmjs.org/@scope/pkg/-/pkg-1.2.3.tgz",
      "integrity": "sha512-AAAAAAAAAAAAAAAAAAAAAAAAAAAAAAAAAAAAAAAAAAAAAAAAAAAAAAAAAAAAAAAAAAAAAAAAAAAAAAAAAAAAAA=="
    },
    "node_modules/local-thing": {
      "version": "0.0.1",
      "link": true,
      "resolved": "packages/local-thing"
    }
  }
}
